
Microsoft Visual Studio Solution File, Format Version 12.00
# Visual Studio Version 17
VisualStudioVersion = 17.13.35825.156 d17.13
MinimumVisualStudioVersion = 10.0.40219.1
Project("{FAE04EC0-301F-11D3-BF4B-00C04F79EFBC}") = "EmailAutomatico", "EmailAutomatico.csproj", "{48BC7207-FB4C-4A1D-8299-F0F73D22C462}"
EndProject
Global
	GlobalSection(SolutionConfigurationPlatforms) = preSolution
		Debug|Any CPU = Debug|Any CPU
		Release|Any CPU = Release|Any CPU
	EndGlobalSection
	GlobalSection(ProjectConfigurationPlatforms) = postSolution
		{48BC7207-FB4C-4A1D-8299-F0F73D22C462}.Debug|Any CPU.ActiveCfg = Debug|Any CPU
		{48BC7207-FB4C-4A1D-8299-F0F73D22C462}.Debug|Any CPU.Build.0 = Debug|Any CPU
		{48BC7207-FB4C-4A1D-8299-F0F73D22C462}.Release|Any CPU.ActiveCfg = Release|Any CPU
		{48BC7207-FB4C-4A1D-8299-F0F73D22C462}.Release|Any CPU.Build.0 = Release|Any CPU
	EndGlobalSection
	GlobalSection(SolutionProperties) = preSolution
		HideSolutionNode = FALSE
	EndGlobalSection
	GlobalSection(ExtensibilityGlobals) = postSolution
		SolutionGuid = {081F27BC-1D68-4659-8B85-A35A726DD55D}
	EndGlobalSection
EndGlobal
